
Microsoft Visual Studio Solution File, Format Version 12.00
# Visual Studio Version 17
VisualStudioVersion = 17.5.33516.290
MinimumVisualStudioVersion = 10.0.40219.1
Project("{FAE04EC0-301F-11D3-BF4B-00C04F79EFBC}") = "MvcLuat", "MvcLuat\MvcLuat.csproj", "{9FEEC8D8-CF2A-4044-933A-A1A8E67F5E10}"
EndProject
Global
	GlobalSection(SolutionConfigurationPlatforms) = preSolution
		Debug|Any CPU = Debug|Any CPU
		Release|Any CPU = Release|Any CPU
	EndGlobalSection
	GlobalSection(ProjectConfigurationPlatforms) = postSolution
		{9FEEC8D8-CF2A-4044-933A-A1A8E67F5E10}.Debug|Any CPU.ActiveCfg = Debug|Any CPU
		{9FEEC8D8-CF2A-4044-933A-A1A8E67F5E10}.Debug|Any CPU.Build.0 = Debug|Any CPU
		{9FEEC8D8-CF2A-4044-933A-A1A8E67F5E10}.Release|Any CPU.ActiveCfg = Release|Any CPU
		{9FEEC8D8-CF2A-4044-933A-A1A8E67F5E10}.Release|Any CPU.Build.0 = Release|Any CPU
	EndGlobalSection
	GlobalSection(SolutionProperties) = preSolution
		HideSolutionNode = FALSE
	EndGlobalSection
	GlobalSection(ExtensibilityGlobals) = postSolution
		SolutionGuid = {78DFBA61-F100-4538-8B8F-C9C6740EC46F}
	EndGlobalSection
EndGlobal
